
Microsoft Visual Studio Solution File, Format Version 12.00
# Visual Studio Version 17
VisualStudioVersion = 17.3.32825.248
MinimumVisualStudioVersion = 10.0.40219.1
Project("{9A19103F-16F7-4668-BE54-9A1E7A4F7556}") = "Roomr.Reservations", "Roomr.Reservations\Roomr.Reservations.csproj", "{1CE48FCC-E162-4F48-BFC2-34C4A21F2F9D}"
EndProject
Project("{FAE04EC0-301F-11D3-BF4B-00C04F79EFBC}") = "Roomr.Auth", "Roomr.Auth\Roomr.Auth.csproj", "{75D7CCF9-1AD5-4F7F-A89E-C7370A53DADC}"
EndProject
Global
	GlobalSection(SolutionConfigurationPlatforms) = preSolution
		Debug|Any CPU = Debug|Any CPU
		Release|Any CPU = Release|Any CPU
	EndGlobalSection
	GlobalSection(ProjectConfigurationPlatforms) = postSolution
		{1CE48FCC-E162-4F48-BFC2-34C4A21F2F9D}.Debug|Any CPU.ActiveCfg = Debug|Any CPU
		{1CE48FCC-E162-4F48-BFC2-34C4A21F2F9D}.Debug|Any CPU.Build.0 = Debug|Any CPU
		{1CE48FCC-E162-4F48-BFC2-34C4A21F2F9D}.Release|Any CPU.ActiveCfg = Release|Any CPU
		{1CE48FCC-E162-4F48-BFC2-34C4A21F2F9D}.Release|Any CPU.Build.0 = Release|Any CPU
		{75D7CCF9-1AD5-4F7F-A89E-C7370A53DADC}.Debug|Any CPU.ActiveCfg = Debug|Any CPU
		{75D7CCF9-1AD5-4F7F-A89E-C7370A53DADC}.Debug|Any CPU.Build.0 = Debug|Any CPU
		{75D7CCF9-1AD5-4F7F-A89E-C7370A53DADC}.Release|Any CPU.ActiveCfg = Release|Any CPU
		{75D7CCF9-1AD5-4F7F-A89E-C7370A53DADC}.Release|Any CPU.Build.0 = Release|Any CPU
	EndGlobalSection
	GlobalSection(SolutionProperties) = preSolution
		HideSolutionNode = FALSE
	EndGlobalSection
	GlobalSection(ExtensibilityGlobals) = postSolution
		SolutionGuid = {14CF6511-E4A5-4048-9D60-0793FC0BEC84}
	EndGlobalSection
EndGlobal
